// !$*UTF8*$!
{
	archiveVersion = 1;
	classes = {
	};
	objectVersion = 56;
	objects = {

/* Begin PBXBuildFile section */
		8B5250762AA453EA006C92BD /* App2308SUIApp.swift in Sources */ = {isa = PBXBuildFile; fileRef = 8B5250752AA453EA006C92BD /* App2308SUIApp.swift */; };
		8B52507A2AA453EC006C92BD /* Assets.xcassets in Resources */ = {isa = PBXBuildFile; fileRef = 8B5250792AA453EC006C92BD /* Assets.xcassets */; };
		8B52507D2AA453EC006C92BD /* Preview Assets.xcassets in Resources */ = {isa = PBXBuildFile; fileRef = 8B52507C2AA453EC006C92BD /* Preview Assets.xcassets */; };
		8B5250842AA45D99006C92BD /* TabScreen.swift in Sources */ = {isa = PBXBuildFile; fileRef = 8B5250832AA45D99006C92BD /* TabScreen.swift */; };
		8B5250872AA45E21006C92BD /* TabScreenModel.swift in Sources */ = {isa = PBXBuildFile; fileRef = 8B5250862AA45E21006C92BD /* TabScreenModel.swift */; };
		8B52508B2AA45ECE006C92BD /* ProfileScreen.swift in Sources */ = {isa = PBXBuildFile; fileRef = 8B52508A2AA45ECE006C92BD /* ProfileScreen.swift */; };
		8B52508D2AA45EDC006C92BD /* ProfileScreenModel.swift in Sources */ = {isa = PBXBuildFile; fileRef = 8B52508C2AA45EDC006C92BD /* ProfileScreenModel.swift */; };
		8B5250902AA45F24006C92BD /* HomeScreen.swift in Sources */ = {isa = PBXBuildFile; fileRef = 8B52508F2AA45F24006C92BD /* HomeScreen.swift */; };
		8B5250922AA45F33006C92BD /* HomeScreenModel.swift in Sources */ = {isa = PBXBuildFile; fileRef = 8B5250912AA45F33006C92BD /* HomeScreenModel.swift */; };
		8B5250952AA45F70006C92BD /* CatalogScreen.swift in Sources */ = {isa = PBXBuildFile; fileRef = 8B5250942AA45F70006C92BD /* CatalogScreen.swift */; };
		8B5250972AA45F7E006C92BD /* CatalogScreenModel.swift in Sources */ = {isa = PBXBuildFile; fileRef = 8B5250962AA45F7E006C92BD /* CatalogScreenModel.swift */; };
		8B52509A2AA46061006C92BD /* Images.swift in Sources */ = {isa = PBXBuildFile; fileRef = 8B5250992AA46061006C92BD /* Images.swift */; };
		8B52509C2AA4618B006C92BD /* Colors.swift in Sources */ = {isa = PBXBuildFile; fileRef = 8B52509B2AA4618B006C92BD /* Colors.swift */; };
		8B5250A12AA48708006C92BD /* ProductDetailsScreen.swift in Sources */ = {isa = PBXBuildFile; fileRef = 8B5250A02AA48708006C92BD /* ProductDetailsScreen.swift */; };
		8B5250A32AA48714006C92BD /* ProductDetailsScreenModel.swift in Sources */ = {isa = PBXBuildFile; fileRef = 8B5250A22AA48714006C92BD /* ProductDetailsScreenModel.swift */; };
		8B5250A62AA48804006C92BD /* Product.swift in Sources */ = {isa = PBXBuildFile; fileRef = 8B5250A52AA48804006C92BD /* Product.swift */; };
		8B5250A92AA4BE3C006C92BD /* ProfileDetailsScreen.swift in Sources */ = {isa = PBXBuildFile; fileRef = 8B5250A82AA4BE3C006C92BD /* ProfileDetailsScreen.swift */; };
		8B5250AB2AA4BE49006C92BD /* ProfileDetailsScreenModel.swift in Sources */ = {isa = PBXBuildFile; fileRef = 8B5250AA2AA4BE49006C92BD /* ProfileDetailsScreenModel.swift */; };
		8B5250AE2AA4D726006C92BD /* CustomButton.swift in Sources */ = {isa = PBXBuildFile; fileRef = 8B5250AD2AA4D726006C92BD /* CustomButton.swift */; };
/* End PBXBuildFile section */

/* Begin PBXFileReference section */
		8B5250722AA453EA006C92BD /* App2308SUI.app */ = {isa = PBXFileReference; explicitFileType = wrapper.application; includeInIndex = 0; path = App2308SUI.app; sourceTree = BUILT_PRODUCTS_DIR; };
		8B5250752AA453EA006C92BD /* App2308SUIApp.swift */ = {isa = PBXFileReference; lastKnownFileType = sourcecode.swift; path = App2308SUIApp.swift; sourceTree = "<group>"; };
		8B5250792AA453EC006C92BD /* Assets.xcassets */ = {isa = PBXFileReference; lastKnownFileType = folder.assetcatalog; path = Assets.xcassets; sourceTree = "<group>"; };
		8B52507C2AA453EC006C92BD /* Preview Assets.xcassets */ = {isa = PBXFileReference; lastKnownFileType = folder.assetcatalog; path = "Preview Assets.xcassets"; sourceTree = "<group>"; };
		8B5250832AA45D99006C92BD /* TabScreen.swift */ = {isa = PBXFileReference; lastKnownFileType = sourcecode.swift; path = TabScreen.swift; sourceTree = "<group>"; };
		8B5250862AA45E21006C92BD /* TabScreenModel.swift */ = {isa = PBXFileReference; lastKnownFileType = sourcecode.swift; path = TabScreenModel.swift; sourceTree = "<group>"; };
		8B52508A2AA45ECE006C92BD /* ProfileScreen.swift */ = {isa = PBXFileReference; lastKnownFileType = sourcecode.swift; path = ProfileScreen.swift; sourceTree = "<group>"; };
		8B52508C2AA45EDC006C92BD /* ProfileScreenModel.swift */ = {isa = PBXFileReference; lastKnownFileType = sourcecode.swift; path = ProfileScreenModel.swift; sourceTree = "<group>"; };
		8B52508F2AA45F24006C92BD /* HomeScreen.swift */ = {isa = PBXFileReference; lastKnownFileType = sourcecode.swift; path = HomeScreen.swift; sourceTree = "<group>"; };
		8B5250912AA45F33006C92BD /* HomeScreenModel.swift */ = {isa = PBXFileReference; lastKnownFileType = sourcecode.swift; path = HomeScreenModel.swift; sourceTree = "<group>"; };
		8B5250942AA45F70006C92BD /* CatalogScreen.swift */ = {isa = PBXFileReference; lastKnownFileType = sourcecode.swift; path = CatalogScreen.swift; sourceTree = "<group>"; };
		8B5250962AA45F7E006C92BD /* CatalogScreenModel.swift */ = {isa = PBXFileReference; lastKnownFileType = sourcecode.swift; path = CatalogScreenModel.swift; sourceTree = "<group>"; };
		8B5250992AA46061006C92BD /* Images.swift */ = {isa = PBXFileReference; lastKnownFileType = sourcecode.swift; path = Images.swift; sourceTree = "<group>"; };
		8B52509B2AA4618B006C92BD /* Colors.swift */ = {isa = PBXFileReference; lastKnownFileType = sourcecode.swift; path = Colors.swift; sourceTree = "<group>"; };
		8B5250A02AA48708006C92BD /* ProductDetailsScreen.swift */ = {isa = PBXFileReference; lastKnownFileType = sourcecode.swift; path = ProductDetailsScreen.swift; sourceTree = "<group>"; };
		8B5250A22AA48714006C92BD /* ProductDetailsScreenModel.swift */ = {isa = PBXFileReference; lastKnownFileType = sourcecode.swift; path = ProductDetailsScreenModel.swift; sourceTree = "<group>"; };
		8B5250A52AA48804006C92BD /* Product.swift */ = {isa = PBXFileReference; lastKnownFileType = sourcecode.swift; path = Product.swift; sourceTree = "<group>"; };
		8B5250A82AA4BE3C006C92BD /* ProfileDetailsScreen.swift */ = {isa = PBXFileReference; lastKnownFileType = sourcecode.swift; path = ProfileDetailsScreen.swift; sourceTree = "<group>"; };
		8B5250AA2AA4BE49006C92BD /* ProfileDetailsScreenModel.swift */ = {isa = PBXFileReference; lastKnownFileType = sourcecode.swift; path = ProfileDetailsScreenModel.swift; sourceTree = "<group>"; };
		8B5250AD2AA4D726006C92BD /* CustomButton.swift */ = {isa = PBXFileReference; lastKnownFileType = sourcecode.swift; path = CustomButton.swift; sourceTree = "<group>"; };
/* End PBXFileReference section */

/* Begin PBXFrameworksBuildPhase section */
		8B52506F2AA453EA006C92BD /* Frameworks */ = {
			isa = PBXFrameworksBuildPhase;
			buildActionMask = 2147483647;
			files = (
			);
			runOnlyForDeploymentPostprocessing = 0;
		};
/* End PBXFrameworksBuildPhase section */

/* Begin PBXGroup section */
		8B5250692AA453EA006C92BD = {
			isa = PBXGroup;
			children = (
				8B5250742AA453EA006C92BD /* App2308SUI */,
				8B5250732AA453EA006C92BD /* Products */,
			);
			sourceTree = "<group>";
		};
		8B5250732AA453EA006C92BD /* Products */ = {
			isa = PBXGroup;
			children = (
				8B5250722AA453EA006C92BD /* App2308SUI.app */,
			);
			name = Products;
			sourceTree = "<group>";
		};
		8B5250742AA453EA006C92BD /* App2308SUI */ = {
			isa = PBXGroup;
			children = (
				8B5250892AA45EAF006C92BD /* Flow */,
				8B5250752AA453EA006C92BD /* App2308SUIApp.swift */,
				8B5250792AA453EC006C92BD /* Assets.xcassets */,
				8B52507B2AA453EC006C92BD /* Preview Content */,
			);
			path = App2308SUI;
			sourceTree = "<group>";
		};
		8B52507B2AA453EC006C92BD /* Preview Content */ = {
			isa = PBXGroup;
			children = (
				8B52507C2AA453EC006C92BD /* Preview Assets.xcassets */,
			);
			path = "Preview Content";
			sourceTree = "<group>";
		};
		8B5250852AA45E09006C92BD /* Tab */ = {
			isa = PBXGroup;
			children = (
				8B5250932AA45F57006C92BD /* Catalog */,
				8B52508E2AA45F04006C92BD /* Home */,
				8B5250882AA45E98006C92BD /* Profile */,
				8B5250832AA45D99006C92BD /* TabScreen.swift */,
				8B5250862AA45E21006C92BD /* TabScreenModel.swift */,
			);
			path = Tab;
			sourceTree = "<group>";
		};
		8B5250882AA45E98006C92BD /* Profile */ = {
			isa = PBXGroup;
			children = (
				8B5250A72AA4BE14006C92BD /* ProfileDetails */,
				8B52508A2AA45ECE006C92BD /* ProfileScreen.swift */,
				8B52508C2AA45EDC006C92BD /* ProfileScreenModel.swift */,
			);
			path = Profile;
			sourceTree = "<group>";
		};
		8B5250892AA45EAF006C92BD /* Flow */ = {
			isa = PBXGroup;
			children = (
				8B5250AC2AA4D6FA006C92BD /* UIKit */,
				8B5250A42AA487F3006C92BD /* Model */,
				8B5250982AA4603D006C92BD /* Service */,
				8B5250852AA45E09006C92BD /* Tab */,
			);
			path = Flow;
			sourceTree = "<group>";
		};
		8B52508E2AA45F04006C92BD /* Home */ = {
			isa = PBXGroup;
			children = (
				8B52508F2AA45F24006C92BD /* HomeScreen.swift */,
				8B5250912AA45F33006C92BD /* HomeScreenModel.swift */,
			);
			path = Home;
			sourceTree = "<group>";
		};
		8B5250932AA45F57006C92BD /* Catalog */ = {
			isa = PBXGroup;
			children = (
				8B52509F2AA486E8006C92BD /* ProductDetails */,
				8B5250942AA45F70006C92BD /* CatalogScreen.swift */,
				8B5250962AA45F7E006C92BD /* CatalogScreenModel.swift */,
			);
			path = Catalog;
			sourceTree = "<group>";
		};
		8B5250982AA4603D006C92BD /* Service */ = {
			isa = PBXGroup;
			children = (
				8B5250992AA46061006C92BD /* Images.swift */,
				8B52509B2AA4618B006C92BD /* Colors.swift */,
			);
			path = Service;
			sourceTree = "<group>";
		};
		8B52509F2AA486E8006C92BD /* ProductDetails */ = {
			isa = PBXGroup;
			children = (
				8B5250A02AA48708006C92BD /* ProductDetailsScreen.swift */,
				8B5250A22AA48714006C92BD /* ProductDetailsScreenModel.swift */,
			);
			path = ProductDetails;
			sourceTree = "<group>";
		};
		8B5250A42AA487F3006C92BD /* Model */ = {
			isa = PBXGroup;
			children = (
				8B5250A52AA48804006C92BD /* Product.swift */,
			);
			path = Model;
			sourceTree = "<group>";
		};
		8B5250A72AA4BE14006C92BD /* ProfileDetails */ = {
			isa = PBXGroup;
			children = (
				8B5250A82AA4BE3C006C92BD /* ProfileDetailsScreen.swift */,
				8B5250AA2AA4BE49006C92BD /* ProfileDetailsScreenModel.swift */,
			);
			path = ProfileDetails;
			sourceTree = "<group>";
		};
		8B5250AC2AA4D6FA006C92BD /* UIKit */ = {
			isa = PBXGroup;
			children = (
				8B5250AD2AA4D726006C92BD /* CustomButton.swift */,
			);
			path = UIKit;
			sourceTree = "<group>";
		};
/* End PBXGroup section */

/* Begin PBXNativeTarget section */
		8B5250712AA453EA006C92BD /* App2308SUI */ = {
			isa = PBXNativeTarget;
			buildConfigurationList = 8B5250802AA453EC006C92BD /* Build configuration list for PBXNativeTarget "App2308SUI" */;
			buildPhases = (
				8B52506E2AA453EA006C92BD /* Sources */,
				8B52506F2AA453EA006C92BD /* Frameworks */,
				8B5250702AA453EA006C92BD /* Resources */,
			);
			buildRules = (
			);
			dependencies = (
			);
			name = App2308SUI;
			productName = App2308SUI;
			productReference = 8B5250722AA453EA006C92BD /* App2308SUI.app */;
			productType = "com.apple.product-type.application";
		};
/* End PBXNativeTarget section */

/* Begin PBXProject section */
		8B52506A2AA453EA006C92BD /* Project object */ = {
			isa = PBXProject;
			attributes = {
				BuildIndependentTargetsInParallel = 1;
				LastSwiftUpdateCheck = 1430;
				LastUpgradeCheck = 1430;
				TargetAttributes = {
					8B5250712AA453EA006C92BD = {
						CreatedOnToolsVersion = 14.3;
					};
				};
			};
			buildConfigurationList = 8B52506D2AA453EA006C92BD /* Build configuration list for PBXProject "App2308SUI" */;
			compatibilityVersion = "Xcode 14.0";
			developmentRegion = en;
			hasScannedForEncodings = 0;
			knownRegions = (
				en,
				Base,
			);
			mainGroup = 8B5250692AA453EA006C92BD;
			productRefGroup = 8B5250732AA453EA006C92BD /* Products */;
			projectDirPath = "";
			projectRoot = "";
			targets = (
				8B5250712AA453EA006C92BD /* App2308SUI */,
			);
		};
/* End PBXProject section */

/* Begin PBXResourcesBuildPhase section */
		8B5250702AA453EA006C92BD /* Resources */ = {
			isa = PBXResourcesBuildPhase;
			buildActionMask = 2147483647;
			files = (
				8B52507D2AA453EC006C92BD /* Preview Assets.xcassets in Resources */,
				8B52507A2AA453EC006C92BD /* Assets.xcassets in Resources */,
			);
			runOnlyForDeploymentPostprocessing = 0;
		};
/* End PBXResourcesBuildPhase section */

/* Begin PBXSourcesBuildPhase section */
		8B52506E2AA453EA006C92BD /* Sources */ = {
			isa = PBXSourcesBuildPhase;
			buildActionMask = 2147483647;
			files = (
				8B5250762AA453EA006C92BD /* App2308SUIApp.swift in Sources */,
				8B5250A92AA4BE3C006C92BD /* ProfileDetailsScreen.swift in Sources */,
				8B5250AB2AA4BE49006C92BD /* ProfileDetailsScreenModel.swift in Sources */,
				8B5250922AA45F33006C92BD /* HomeScreenModel.swift in Sources */,
				8B5250902AA45F24006C92BD /* HomeScreen.swift in Sources */,
				8B5250842AA45D99006C92BD /* TabScreen.swift in Sources */,
				8B5250872AA45E21006C92BD /* TabScreenModel.swift in Sources */,
				8B5250A12AA48708006C92BD /* ProductDetailsScreen.swift in Sources */,
				8B5250A32AA48714006C92BD /* ProductDetailsScreenModel.swift in Sources */,
				8B52508B2AA45ECE006C92BD /* ProfileScreen.swift in Sources */,
				8B52508D2AA45EDC006C92BD /* ProfileScreenModel.swift in Sources */,
				8B52509A2AA46061006C92BD /* Images.swift in Sources */,
				8B52509C2AA4618B006C92BD /* Colors.swift in Sources */,
				8B5250952AA45F70006C92BD /* CatalogScreen.swift in Sources */,
				8B5250972AA45F7E006C92BD /* CatalogScreenModel.swift in Sources */,
				8B5250AE2AA4D726006C92BD /* CustomButton.swift in Sources */,
				8B5250A62AA48804006C92BD /* Product.swift in Sources */,
			);
			runOnlyForDeploymentPostprocessing = 0;
		};
/* End PBXSourcesBuildPhase section */

/* Begin XCBuildConfiguration section */
		8B52507E2AA453EC006C92BD /* Debug */ = {
			isa = XCBuildConfiguration;
			buildSettings = {
				ALWAYS_SEARCH_USER_PATHS = NO;
				CLANG_ANALYZER_NONNULL = YES;
				CLANG_ANALYZER_NUMBER_OBJECT_CONVERSION = YES_AGGRESSIVE;
				CLANG_CXX_LANGUAGE_STANDARD = "gnu++20";
				CLANG_ENABLE_MODULES = YES;
				CLANG_ENABLE_OBJC_ARC = YES;
				CLANG_ENABLE_OBJC_WEAK = YES;
				CLANG_WARN_BLOCK_CAPTURE_AUTORELEASING = YES;
				CLANG_WARN_BOOL_CONVERSION = YES;
				CLANG_WARN_COMMA = YES;
				CLANG_WARN_CONSTANT_CONVERSION = YES;
				CLANG_WARN_DEPRECATED_OBJC_IMPLEMENTATIONS = YES;
				CLANG_WARN_DIRECT_OBJC_ISA_USAGE = YES_ERROR;
				CLANG_WARN_DOCUMENTATION_COMMENTS = YES;
				CLANG_WARN_EMPTY_BODY = YES;
				CLANG_WARN_ENUM_CONVERSION = YES;
				CLANG_WARN_INFINITE_RECURSION = YES;
				CLANG_WARN_INT_CONVERSION = YES;
				CLANG_WARN_NON_LITERAL_NULL_CONVERSION = YES;
				CLANG_WARN_OBJC_IMPLICIT_RETAIN_SELF = YES;
				CLANG_WARN_OBJC_LITERAL_CONVERSION = YES;
				CLANG_WARN_OBJC_ROOT_CLASS = YES_ERROR;
				CLANG_WARN_QUOTED_INCLUDE_IN_FRAMEWORK_HEADER = YES;
				CLANG_WARN_RANGE_LOOP_ANALYSIS = YES;
				CLANG_WARN_STRICT_PROTOTYPES = YES;
				CLANG_WARN_SUSPICIOUS_MOVE = YES;
				CLANG_WARN_UNGUARDED_AVAILABILITY = YES_AGGRESSIVE;
				CLANG_WARN_UNREACHABLE_CODE = YES;
				CLANG_WARN__DUPLICATE_METHOD_MATCH = YES;
				COPY_PHASE_STRIP = NO;
				DEBUG_INFORMATION_FORMAT = dwarf;
				ENABLE_STRICT_OBJC_MSGSEND = YES;
				ENABLE_TESTABILITY = YES;
				GCC_C_LANGUAGE_STANDARD = gnu11;
				GCC_DYNAMIC_NO_PIC = NO;
				GCC_NO_COMMON_BLOCKS = YES;
				GCC_OPTIMIZATION_LEVEL = 0;
				GCC_PREPROCESSOR_DEFINITIONS = (
					"DEBUG=1",
					"$(inherited)",
				);
				GCC_WARN_64_TO_32_BIT_CONVERSION = YES;
				GCC_WARN_ABOUT_RETURN_TYPE = YES_ERROR;
				GCC_WARN_UNDECLARED_SELECTOR = YES;
				GCC_WARN_UNINITIALIZED_AUTOS = YES_AGGRESSIVE;
				GCC_WARN_UNUSED_FUNCTION = YES;
				GCC_WARN_UNUSED_VARIABLE = YES;
				IPHONEOS_DEPLOYMENT_TARGET = 16.4;
				MTL_ENABLE_DEBUG_INFO = INCLUDE_SOURCE;
				MTL_FAST_MATH = YES;
				ONLY_ACTIVE_ARCH = YES;
				SDKROOT = iphoneos;
				SWIFT_ACTIVE_COMPILATION_CONDITIONS = DEBUG;
				SWIFT_OPTIMIZATION_LEVEL = "-Onone";
			};
			name = Debug;
		};
		8B52507F2AA453EC006C92BD /* Release */ = {
			isa = XCBuildConfiguration;
			buildSettings = {
				ALWAYS_SEARCH_USER_PATHS = NO;
				CLANG_ANALYZER_NONNULL = YES;
				CLANG_ANALYZER_NUMBER_OBJECT_CONVERSION = YES_AGGRESSIVE;
				CLANG_CXX_LANGUAGE_STANDARD = "gnu++20";
				CLANG_ENABLE_MODULES = YES;
				CLANG_ENABLE_OBJC_ARC = YES;
				CLANG_ENABLE_OBJC_WEAK = YES;
				CLANG_WARN_BLOCK_CAPTURE_AUTORELEASING = YES;
				CLANG_WARN_BOOL_CONVERSION = YES;
				CLANG_WARN_COMMA = YES;
				CLANG_WARN_CONSTANT_CONVERSION = YES;
				CLANG_WARN_DEPRECATED_OBJC_IMPLEMENTATIONS = YES;
				CLANG_WARN_DIRECT_OBJC_ISA_USAGE = YES_ERROR;
				CLANG_WARN_DOCUMENTATION_COMMENTS = YES;
				CLANG_WARN_EMPTY_BODY = YES;
				CLANG_WARN_ENUM_CONVERSION = YES;
				CLANG_WARN_INFINITE_RECURSION = YES;
				CLANG_WARN_INT_CONVERSION = YES;
				CLANG_WARN_NON_LITERAL_NULL_CONVERSION = YES;
				CLANG_WARN_OBJC_IMPLICIT_RETAIN_SELF = YES;
				CLANG_WARN_OBJC_LITERAL_CONVERSION = YES;
				CLANG_WARN_OBJC_ROOT_CLASS = YES_ERROR;
				CLANG_WARN_QUOTED_INCLUDE_IN_FRAMEWORK_HEADER = YES;
				CLANG_WARN_RANGE_LOOP_ANALYSIS = YES;
				CLANG_WARN_STRICT_PROTOTYPES = YES;
				CLANG_WARN_SUSPICIOUS_MOVE = YES;
				CLANG_WARN_UNGUARDED_AVAILABILITY = YES_AGGRESSIVE;
				CLANG_WARN_UNREACHABLE_CODE = YES;
				CLANG_WARN__DUPLICATE_METHOD_MATCH = YES;
				COPY_PHASE_STRIP = NO;
				DEBUG_INFORMATION_FORMAT = "dwarf-with-dsym";
				ENABLE_NS_ASSERTIONS = NO;
				ENABLE_STRICT_OBJC_MSGSEND = YES;
				GCC_C_LANGUAGE_STANDARD = gnu11;
				GCC_NO_COMMON_BLOCKS = YES;
				GCC_WARN_64_TO_32_BIT_CONVERSION = YES;
				GCC_WARN_ABOUT_RETURN_TYPE = YES_ERROR;
				GCC_WARN_UNDECLARED_SELECTOR = YES;
				GCC_WARN_UNINITIALIZED_AUTOS = YES_AGGRESSIVE;
				GCC_WARN_UNUSED_FUNCTION = YES;
				GCC_WARN_UNUSED_VARIABLE = YES;
				IPHONEOS_DEPLOYMENT_TARGET = 16.4;
				MTL_ENABLE_DEBUG_INFO = NO;
				MTL_FAST_MATH = YES;
				SDKROOT = iphoneos;
				SWIFT_COMPILATION_MODE = wholemodule;
				SWIFT_OPTIMIZATION_LEVEL = "-O";
				VALIDATE_PRODUCT = YES;
			};
			name = Release;
		};
		8B5250812AA453EC006C92BD /* Debug */ = {
			isa = XCBuildConfiguration;
			buildSettings = {
				ASSETCATALOG_COMPILER_APPICON_NAME = AppIcon;
				ASSETCATALOG_COMPILER_GLOBAL_ACCENT_COLOR_NAME = AccentColor;
				CODE_SIGN_STYLE = Automatic;
				CURRENT_PROJECT_VERSION = 1;
				DEVELOPMENT_ASSET_PATHS = "\"App2308SUI/Preview Content\"";
				DEVELOPMENT_TEAM = 4RU923WJZQ;
				ENABLE_PREVIEWS = YES;
				GENERATE_INFOPLIST_FILE = YES;
				INFOPLIST_KEY_UIApplicationSceneManifest_Generation = YES;
				INFOPLIST_KEY_UIApplicationSupportsIndirectInputEvents = YES;
				INFOPLIST_KEY_UILaunchScreen_Generation = YES;
				INFOPLIST_KEY_UISupportedInterfaceOrientations_iPad = "UIInterfaceOrientationPortrait UIInterfaceOrientationPortraitUpsideDown UIInterfaceOrientationLandscapeLeft UIInterfaceOrientationLandscapeRight";
				INFOPLIST_KEY_UISupportedInterfaceOrientations_iPhone = "UIInterfaceOrientationPortrait UIInterfaceOrientationLandscapeLeft UIInterfaceOrientationLandscapeRight";
				IPHONEOS_DEPLOYMENT_TARGET = 14.0;
				LD_RUNPATH_SEARCH_PATHS = (
					"$(inherited)",
					"@executable_path/Frameworks",
				);
				MARKETING_VERSION = 1.0;
				PRODUCT_BUNDLE_IDENTIFIER = app.app2308sui.test.App2308SUI;
				PRODUCT_NAME = "$(TARGET_NAME)";
				SWIFT_EMIT_LOC_STRINGS = YES;
				SWIFT_VERSION = 5.0;
				TARGETED_DEVICE_FAMILY = "1,2";
			};
			name = Debug;
		};
		8B5250822AA453EC006C92BD /* Release */ = {
			isa = XCBuildConfiguration;
			buildSettings = {
				ASSETCATALOG_COMPILER_APPICON_NAME = AppIcon;
				ASSETCATALOG_COMPILER_GLOBAL_ACCENT_COLOR_NAME = AccentColor;
				CODE_SIGN_STYLE = Automatic;
				CURRENT_PROJECT_VERSION = 1;
				DEVELOPMENT_ASSET_PATHS = "\"App2308SUI/Preview Content\"";
				DEVELOPMENT_TEAM = 4RU923WJZQ;
				ENABLE_PREVIEWS = YES;
				GENERATE_INFOPLIST_FILE = YES;
				INFOPLIST_KEY_UIApplicationSceneManifest_Generation = YES;
				INFOPLIST_KEY_UIApplicationSupportsIndirectInputEvents = YES;
				INFOPLIST_KEY_UILaunchScreen_Generation = YES;
				INFOPLIST_KEY_UISupportedInterfaceOrientations_iPad = "UIInterfaceOrientationPortrait UIInterfaceOrientationPortraitUpsideDown UIInterfaceOrientationLandscapeLeft UIInterfaceOrientationLandscapeRight";
				INFOPLIST_KEY_UISupportedInterfaceOrientations_iPhone = "UIInterfaceOrientationPortrait UIInterfaceOrientationLandscapeLeft UIInterfaceOrientationLandscapeRight";
				IPHONEOS_DEPLOYMENT_TARGET = 14.0;
				LD_RUNPATH_SEARCH_PATHS = (
					"$(inherited)",
					"@executable_path/Frameworks",
				);
				MARKETING_VERSION = 1.0;
				PRODUCT_BUNDLE_IDENTIFIER = app.app2308sui.test.App2308SUI;
				PRODUCT_NAME = "$(TARGET_NAME)";
				SWIFT_EMIT_LOC_STRINGS = YES;
				SWIFT_VERSION = 5.0;
				TARGETED_DEVICE_FAMILY = "1,2";
			};
			name = Release;
		};
/* End XCBuildConfiguration section */

/* Begin XCConfigurationList section */
		8B52506D2AA453EA006C92BD /* Build configuration list for PBXProject "App2308SUI" */ = {
			isa = XCConfigurationList;
			buildConfigurations = (
				8B52507E2AA453EC006C92BD /* Debug */,
				8B52507F2AA453EC006C92BD /* Release */,
			);
			defaultConfigurationIsVisible = 0;
			defaultConfigurationName = Release;
		};
		8B5250802AA453EC006C92BD /* Build configuration list for PBXNativeTarget "App2308SUI" */ = {
			isa = XCConfigurationList;
			buildConfigurations = (
				8B5250812AA453EC006C92BD /* Debug */,
				8B5250822AA453EC006C92BD /* Release */,
			);
			defaultConfigurationIsVisible = 0;
			defaultConfigurationName = Release;
		};
/* End XCConfigurationList section */
	};
	rootObject = 8B52506A2AA453EA006C92BD /* Project object */;
}
